
Microsoft Visual Studio Solution File, Format Version 12.00
# Visual Studio Version 17
VisualStudioVersion = 17.3.32922.545
MinimumVisualStudioVersion = 10.0.40219.1
Project("{FAE04EC0-301F-11D3-BF4B-00C04F79EFBC}") = "YoungCarersAustria.Chatbot.Web", "YoungCarersAustria.Chatbot.Web.csproj", "{5286E7BF-15D6-425B-B759-35EBF8C3FA05}"
EndProject
Global
	GlobalSection(SolutionConfigurationPlatforms) = preSolution
		Debug|Any CPU = Debug|Any CPU
		Release|Any CPU = Release|Any CPU
	EndGlobalSection
	GlobalSection(ProjectConfigurationPlatforms) = postSolution
		{5286E7BF-15D6-425B-B759-35EBF8C3FA05}.Debug|Any CPU.ActiveCfg = Debug|Any CPU
		{5286E7BF-15D6-425B-B759-35EBF8C3FA05}.Debug|Any CPU.Build.0 = Debug|Any CPU
		{5286E7BF-15D6-425B-B759-35EBF8C3FA05}.Release|Any CPU.ActiveCfg = Release|Any CPU
		{5286E7BF-15D6-425B-B759-35EBF8C3FA05}.Release|Any CPU.Build.0 = Release|Any CPU
	EndGlobalSection
	GlobalSection(SolutionProperties) = preSolution
		HideSolutionNode = FALSE
	EndGlobalSection
	GlobalSection(ExtensibilityGlobals) = postSolution
		SolutionGuid = {2342E491-98FF-477D-BE93-8D5DB1BB7570}
	EndGlobalSection
EndGlobal
